
Microsoft Visual Studio Solution File, Format Version 12.00
# Visual Studio Version 17
VisualStudioVersion = 17.7.34009.444
MinimumVisualStudioVersion = 10.0.40219.1
Project("{FAE04EC0-301F-11D3-BF4B-00C04F79EFBC}") = "Administrasi Mahasiswa", "Administrasi Mahasiswa\Administrasi Mahasiswa.csproj", "{DE437176-5183-4543-BE43-3B5FA3984813}"
EndProject
Global
	GlobalSection(SolutionConfigurationPlatforms) = preSolution
		Debug|Any CPU = Debug|Any CPU
		Release|Any CPU = Release|Any CPU
	EndGlobalSection
	GlobalSection(ProjectConfigurationPlatforms) = postSolution
		{DE437176-5183-4543-BE43-3B5FA3984813}.Debug|Any CPU.ActiveCfg = Debug|Any CPU
		{DE437176-5183-4543-BE43-3B5FA3984813}.Debug|Any CPU.Build.0 = Debug|Any CPU
		{DE437176-5183-4543-BE43-3B5FA3984813}.Release|Any CPU.ActiveCfg = Release|Any CPU
		{DE437176-5183-4543-BE43-3B5FA3984813}.Release|Any CPU.Build.0 = Release|Any CPU
	EndGlobalSection
	GlobalSection(SolutionProperties) = preSolution
		HideSolutionNode = FALSE
	EndGlobalSection
	GlobalSection(ExtensibilityGlobals) = postSolution
		SolutionGuid = {35FF327F-1B5A-41A3-8E9D-2810578D8570}
	EndGlobalSection
EndGlobal
