
Microsoft Visual Studio Solution File, Format Version 12.00
# Visual Studio Version 17
VisualStudioVersion = 17.7.34009.444
MinimumVisualStudioVersion = 10.0.40219.1
Project("{FAE04EC0-301F-11D3-BF4B-00C04F79EFBC}") = "Praktikum PBO", "Praktikum PBO\Praktikum PBO.csproj", "{AF8809DF-F7E7-4027-9CD1-21A4DB9312E2}"
EndProject
Global
	GlobalSection(SolutionConfigurationPlatforms) = preSolution
		Debug|Any CPU = Debug|Any CPU
		Release|Any CPU = Release|Any CPU
	EndGlobalSection
	GlobalSection(ProjectConfigurationPlatforms) = postSolution
		{AF8809DF-F7E7-4027-9CD1-21A4DB9312E2}.Debug|Any CPU.ActiveCfg = Debug|Any CPU
		{AF8809DF-F7E7-4027-9CD1-21A4DB9312E2}.Debug|Any CPU.Build.0 = Debug|Any CPU
		{AF8809DF-F7E7-4027-9CD1-21A4DB9312E2}.Release|Any CPU.ActiveCfg = Release|Any CPU
		{AF8809DF-F7E7-4027-9CD1-21A4DB9312E2}.Release|Any CPU.Build.0 = Release|Any CPU
	EndGlobalSection
	GlobalSection(SolutionProperties) = preSolution
		HideSolutionNode = FALSE
	EndGlobalSection
	GlobalSection(ExtensibilityGlobals) = postSolution
		SolutionGuid = {BE306ACA-543C-4193-93E5-55701D0973A6}
	EndGlobalSection
EndGlobal
